// !$*UTF8*$!
{
	archiveVersion = 1;
	classes = {
	};
	objectVersion = 56;
	objects = {

/* Begin PBXBuildFile section */
		1396259A2ABE2C6500EBCE19 /* AppDelegate.swift in Sources */ = {isa = PBXBuildFile; fileRef = 139625992ABE2C6500EBCE19 /* AppDelegate.swift */; };
		1396259C2ABE2C6500EBCE19 /* SceneDelegate.swift in Sources */ = {isa = PBXBuildFile; fileRef = 1396259B2ABE2C6500EBCE19 /* SceneDelegate.swift */; };
		139625A32ABE2C6600EBCE19 /* Assets.xcassets in Resources */ = {isa = PBXBuildFile; fileRef = 139625A22ABE2C6600EBCE19 /* Assets.xcassets */; };
		139625A62ABE2C6700EBCE19 /* LaunchScreen.storyboard in Resources */ = {isa = PBXBuildFile; fileRef = 139625A42ABE2C6700EBCE19 /* LaunchScreen.storyboard */; };
		139625B32ABE2D0300EBCE19 /* MainPresenter.swift in Sources */ = {isa = PBXBuildFile; fileRef = 139625AE2ABE2D0300EBCE19 /* MainPresenter.swift */; };
		139625B42ABE2D0300EBCE19 /* MainRouter.swift in Sources */ = {isa = PBXBuildFile; fileRef = 139625AF2ABE2D0300EBCE19 /* MainRouter.swift */; };
		139625B52ABE2D0300EBCE19 /* MainProtocols.swift in Sources */ = {isa = PBXBuildFile; fileRef = 139625B02ABE2D0300EBCE19 /* MainProtocols.swift */; };
		139625B62ABE2D0300EBCE19 /* MainInteractor.swift in Sources */ = {isa = PBXBuildFile; fileRef = 139625B12ABE2D0300EBCE19 /* MainInteractor.swift */; };
		139625B72ABE2D0300EBCE19 /* MainView.swift in Sources */ = {isa = PBXBuildFile; fileRef = 139625B22ABE2D0300EBCE19 /* MainView.swift */; };
		139625BA2ABE307F00EBCE19 /* APIManager.swift in Sources */ = {isa = PBXBuildFile; fileRef = 139625B92ABE307F00EBCE19 /* APIManager.swift */; };
		139625BC2ABE308600EBCE19 /* API.swift in Sources */ = {isa = PBXBuildFile; fileRef = 139625BB2ABE308600EBCE19 /* API.swift */; };
		139625BE2ABE348400EBCE19 /* MainEntity.swift in Sources */ = {isa = PBXBuildFile; fileRef = 139625BD2ABE348400EBCE19 /* MainEntity.swift */; };
		139625C02ABE383F00EBCE19 /* EndPoints.swift in Sources */ = {isa = PBXBuildFile; fileRef = 139625BF2ABE383F00EBCE19 /* EndPoints.swift */; };
/* End PBXBuildFile section */

/* Begin PBXFileReference section */
		139625962ABE2C6500EBCE19 /* Currency Converter.app */ = {isa = PBXFileReference; explicitFileType = wrapper.application; includeInIndex = 0; path = "Currency Converter.app"; sourceTree = BUILT_PRODUCTS_DIR; };
		139625992ABE2C6500EBCE19 /* AppDelegate.swift */ = {isa = PBXFileReference; lastKnownFileType = sourcecode.swift; path = AppDelegate.swift; sourceTree = "<group>"; };
		1396259B2ABE2C6500EBCE19 /* SceneDelegate.swift */ = {isa = PBXFileReference; lastKnownFileType = sourcecode.swift; path = SceneDelegate.swift; sourceTree = "<group>"; };
		139625A22ABE2C6600EBCE19 /* Assets.xcassets */ = {isa = PBXFileReference; lastKnownFileType = folder.assetcatalog; path = Assets.xcassets; sourceTree = "<group>"; };
		139625A52ABE2C6700EBCE19 /* Base */ = {isa = PBXFileReference; lastKnownFileType = file.storyboard; name = Base; path = Base.lproj/LaunchScreen.storyboard; sourceTree = "<group>"; };
		139625A72ABE2C6700EBCE19 /* Info.plist */ = {isa = PBXFileReference; lastKnownFileType = text.plist.xml; path = Info.plist; sourceTree = "<group>"; };
		139625AE2ABE2D0300EBCE19 /* MainPresenter.swift */ = {isa = PBXFileReference; lastKnownFileType = sourcecode.swift; path = MainPresenter.swift; sourceTree = "<group>"; };
		139625AF2ABE2D0300EBCE19 /* MainRouter.swift */ = {isa = PBXFileReference; lastKnownFileType = sourcecode.swift; path = MainRouter.swift; sourceTree = "<group>"; };
		139625B02ABE2D0300EBCE19 /* MainProtocols.swift */ = {isa = PBXFileReference; lastKnownFileType = sourcecode.swift; path = MainProtocols.swift; sourceTree = "<group>"; };
		139625B12ABE2D0300EBCE19 /* MainInteractor.swift */ = {isa = PBXFileReference; lastKnownFileType = sourcecode.swift; path = MainInteractor.swift; sourceTree = "<group>"; };
		139625B22ABE2D0300EBCE19 /* MainView.swift */ = {isa = PBXFileReference; lastKnownFileType = sourcecode.swift; path = MainView.swift; sourceTree = "<group>"; };
		139625B92ABE307F00EBCE19 /* APIManager.swift */ = {isa = PBXFileReference; lastKnownFileType = sourcecode.swift; path = APIManager.swift; sourceTree = "<group>"; };
		139625BB2ABE308600EBCE19 /* API.swift */ = {isa = PBXFileReference; lastKnownFileType = sourcecode.swift; path = API.swift; sourceTree = "<group>"; };
		139625BD2ABE348400EBCE19 /* MainEntity.swift */ = {isa = PBXFileReference; lastKnownFileType = sourcecode.swift; path = MainEntity.swift; sourceTree = "<group>"; };
		139625BF2ABE383F00EBCE19 /* EndPoints.swift */ = {isa = PBXFileReference; lastKnownFileType = sourcecode.swift; path = EndPoints.swift; sourceTree = "<group>"; };
/* End PBXFileReference section */

/* Begin PBXFrameworksBuildPhase section */
		139625932ABE2C6500EBCE19 /* Frameworks */ = {
			isa = PBXFrameworksBuildPhase;
			buildActionMask = 2147483647;
			files = (
			);
			runOnlyForDeploymentPostprocessing = 0;
		};
/* End PBXFrameworksBuildPhase section */

/* Begin PBXGroup section */
		1396258D2ABE2C6500EBCE19 = {
			isa = PBXGroup;
			children = (
				139625982ABE2C6500EBCE19 /* Currency Converter */,
				139625972ABE2C6500EBCE19 /* Products */,
			);
			sourceTree = "<group>";
		};
		139625972ABE2C6500EBCE19 /* Products */ = {
			isa = PBXGroup;
			children = (
				139625962ABE2C6500EBCE19 /* Currency Converter.app */,
			);
			name = Products;
			sourceTree = "<group>";
		};
		139625982ABE2C6500EBCE19 /* Currency Converter */ = {
			isa = PBXGroup;
			children = (
				139625B82ABE2FE100EBCE19 /* Network */,
				139625AD2ABE2CF600EBCE19 /* Main */,
				139625992ABE2C6500EBCE19 /* AppDelegate.swift */,
				1396259B2ABE2C6500EBCE19 /* SceneDelegate.swift */,
				139625A22ABE2C6600EBCE19 /* Assets.xcassets */,
				139625A42ABE2C6700EBCE19 /* LaunchScreen.storyboard */,
				139625A72ABE2C6700EBCE19 /* Info.plist */,
			);
			path = "Currency Converter";
			sourceTree = "<group>";
		};
		139625AD2ABE2CF600EBCE19 /* Main */ = {
			isa = PBXGroup;
			children = (
				139625AE2ABE2D0300EBCE19 /* MainPresenter.swift */,
				139625AF2ABE2D0300EBCE19 /* MainRouter.swift */,
				139625B02ABE2D0300EBCE19 /* MainProtocols.swift */,
				139625B12ABE2D0300EBCE19 /* MainInteractor.swift */,
				139625B22ABE2D0300EBCE19 /* MainView.swift */,
				139625BD2ABE348400EBCE19 /* MainEntity.swift */,
			);
			path = Main;
			sourceTree = "<group>";
		};
		139625B82ABE2FE100EBCE19 /* Network */ = {
			isa = PBXGroup;
			children = (
				139625B92ABE307F00EBCE19 /* APIManager.swift */,
				139625BB2ABE308600EBCE19 /* API.swift */,
				139625BF2ABE383F00EBCE19 /* EndPoints.swift */,
			);
			path = Network;
			sourceTree = "<group>";
		};
/* End PBXGroup section */

/* Begin PBXNativeTarget section */
		139625952ABE2C6500EBCE19 /* Currency Converter */ = {
			isa = PBXNativeTarget;
			buildConfigurationList = 139625AA2ABE2C6700EBCE19 /* Build configuration list for PBXNativeTarget "Currency Converter" */;
			buildPhases = (
				139625922ABE2C6500EBCE19 /* Sources */,
				139625932ABE2C6500EBCE19 /* Frameworks */,
				139625942ABE2C6500EBCE19 /* Resources */,
			);
			buildRules = (
			);
			dependencies = (
			);
			name = "Currency Converter";
			productName = "Currency Converter";
			productReference = 139625962ABE2C6500EBCE19 /* Currency Converter.app */;
			productType = "com.apple.product-type.application";
		};
/* End PBXNativeTarget section */

/* Begin PBXProject section */
		1396258E2ABE2C6500EBCE19 /* Project object */ = {
			isa = PBXProject;
			attributes = {
				BuildIndependentTargetsInParallel = 1;
				LastSwiftUpdateCheck = 1420;
				LastUpgradeCheck = 1420;
				TargetAttributes = {
					139625952ABE2C6500EBCE19 = {
						CreatedOnToolsVersion = 14.2;
					};
				};
			};
			buildConfigurationList = 139625912ABE2C6500EBCE19 /* Build configuration list for PBXProject "Currency Converter" */;
			compatibilityVersion = "Xcode 14.0";
			developmentRegion = en;
			hasScannedForEncodings = 0;
			knownRegions = (
				en,
				Base,
			);
			mainGroup = 1396258D2ABE2C6500EBCE19;
			productRefGroup = 139625972ABE2C6500EBCE19 /* Products */;
			projectDirPath = "";
			projectRoot = "";
			targets = (
				139625952ABE2C6500EBCE19 /* Currency Converter */,
			);
		};
/* End PBXProject section */

/* Begin PBXResourcesBuildPhase section */
		139625942ABE2C6500EBCE19 /* Resources */ = {
			isa = PBXResourcesBuildPhase;
			buildActionMask = 2147483647;
			files = (
				139625A62ABE2C6700EBCE19 /* LaunchScreen.storyboard in Resources */,
				139625A32ABE2C6600EBCE19 /* Assets.xcassets in Resources */,
			);
			runOnlyForDeploymentPostprocessing = 0;
		};
/* End PBXResourcesBuildPhase section */

/* Begin PBXSourcesBuildPhase section */
		139625922ABE2C6500EBCE19 /* Sources */ = {
			isa = PBXSourcesBuildPhase;
			buildActionMask = 2147483647;
			files = (
				139625BA2ABE307F00EBCE19 /* APIManager.swift in Sources */,
				1396259A2ABE2C6500EBCE19 /* AppDelegate.swift in Sources */,
				139625B72ABE2D0300EBCE19 /* MainView.swift in Sources */,
				139625B42ABE2D0300EBCE19 /* MainRouter.swift in Sources */,
				139625B32ABE2D0300EBCE19 /* MainPresenter.swift in Sources */,
				139625B52ABE2D0300EBCE19 /* MainProtocols.swift in Sources */,
				1396259C2ABE2C6500EBCE19 /* SceneDelegate.swift in Sources */,
				139625BC2ABE308600EBCE19 /* API.swift in Sources */,
				139625B62ABE2D0300EBCE19 /* MainInteractor.swift in Sources */,
				139625BE2ABE348400EBCE19 /* MainEntity.swift in Sources */,
				139625C02ABE383F00EBCE19 /* EndPoints.swift in Sources */,
			);
			runOnlyForDeploymentPostprocessing = 0;
		};
/* End PBXSourcesBuildPhase section */

/* Begin PBXVariantGroup section */
		139625A42ABE2C6700EBCE19 /* LaunchScreen.storyboard */ = {
			isa = PBXVariantGroup;
			children = (
				139625A52ABE2C6700EBCE19 /* Base */,
			);
			name = LaunchScreen.storyboard;
			sourceTree = "<group>";
		};
/* End PBXVariantGroup section */

/* Begin XCBuildConfiguration section */
		139625A82ABE2C6700EBCE19 /* Debug */ = {
			isa = XCBuildConfiguration;
			buildSettings = {
				ALWAYS_SEARCH_USER_PATHS = NO;
				CLANG_ANALYZER_NONNULL = YES;
				CLANG_ANALYZER_NUMBER_OBJECT_CONVERSION = YES_AGGRESSIVE;
				CLANG_CXX_LANGUAGE_STANDARD = "gnu++20";
				CLANG_ENABLE_MODULES = YES;
				CLANG_ENABLE_OBJC_ARC = YES;
				CLANG_ENABLE_OBJC_WEAK = YES;
				CLANG_WARN_BLOCK_CAPTURE_AUTORELEASING = YES;
				CLANG_WARN_BOOL_CONVERSION = YES;
				CLANG_WARN_COMMA = YES;
				CLANG_WARN_CONSTANT_CONVERSION = YES;
				CLANG_WARN_DEPRECATED_OBJC_IMPLEMENTATIONS = YES;
				CLANG_WARN_DIRECT_OBJC_ISA_USAGE = YES_ERROR;
				CLANG_WARN_DOCUMENTATION_COMMENTS = YES;
				CLANG_WARN_EMPTY_BODY = YES;
				CLANG_WARN_ENUM_CONVERSION = YES;
				CLANG_WARN_INFINITE_RECURSION = YES;
				CLANG_WARN_INT_CONVERSION = YES;
				CLANG_WARN_NON_LITERAL_NULL_CONVERSION = YES;
				CLANG_WARN_OBJC_IMPLICIT_RETAIN_SELF = YES;
				CLANG_WARN_OBJC_LITERAL_CONVERSION = YES;
				CLANG_WARN_OBJC_ROOT_CLASS = YES_ERROR;
				CLANG_WARN_QUOTED_INCLUDE_IN_FRAMEWORK_HEADER = YES;
				CLANG_WARN_RANGE_LOOP_ANALYSIS = YES;
				CLANG_WARN_STRICT_PROTOTYPES = YES;
				CLANG_WARN_SUSPICIOUS_MOVE = YES;
				CLANG_WARN_UNGUARDED_AVAILABILITY = YES_AGGRESSIVE;
				CLANG_WARN_UNREACHABLE_CODE = YES;
				CLANG_WARN__DUPLICATE_METHOD_MATCH = YES;
				COPY_PHASE_STRIP = NO;
				DEBUG_INFORMATION_FORMAT = dwarf;
				ENABLE_STRICT_OBJC_MSGSEND = YES;
				ENABLE_TESTABILITY = YES;
				GCC_C_LANGUAGE_STANDARD = gnu11;
				GCC_DYNAMIC_NO_PIC = NO;
				GCC_NO_COMMON_BLOCKS = YES;
				GCC_OPTIMIZATION_LEVEL = 0;
				GCC_PREPROCESSOR_DEFINITIONS = (
					"DEBUG=1",
					"$(inherited)",
				);
				GCC_WARN_64_TO_32_BIT_CONVERSION = YES;
				GCC_WARN_ABOUT_RETURN_TYPE = YES_ERROR;
				GCC_WARN_UNDECLARED_SELECTOR = YES;
				GCC_WARN_UNINITIALIZED_AUTOS = YES_AGGRESSIVE;
				GCC_WARN_UNUSED_FUNCTION = YES;
				GCC_WARN_UNUSED_VARIABLE = YES;
				IPHONEOS_DEPLOYMENT_TARGET = 16.2;
				MTL_ENABLE_DEBUG_INFO = INCLUDE_SOURCE;
				MTL_FAST_MATH = YES;
				ONLY_ACTIVE_ARCH = YES;
				SDKROOT = iphoneos;
				SWIFT_ACTIVE_COMPILATION_CONDITIONS = DEBUG;
				SWIFT_OPTIMIZATION_LEVEL = "-Onone";
			};
			name = Debug;
		};
		139625A92ABE2C6700EBCE19 /* Release */ = {
			isa = XCBuildConfiguration;
			buildSettings = {
				ALWAYS_SEARCH_USER_PATHS = NO;
				CLANG_ANALYZER_NONNULL = YES;
				CLANG_ANALYZER_NUMBER_OBJECT_CONVERSION = YES_AGGRESSIVE;
				CLANG_CXX_LANGUAGE_STANDARD = "gnu++20";
				CLANG_ENABLE_MODULES = YES;
				CLANG_ENABLE_OBJC_ARC = YES;
				CLANG_ENABLE_OBJC_WEAK = YES;
				CLANG_WARN_BLOCK_CAPTURE_AUTORELEASING = YES;
				CLANG_WARN_BOOL_CONVERSION = YES;
				CLANG_WARN_COMMA = YES;
				CLANG_WARN_CONSTANT_CONVERSION = YES;
				CLANG_WARN_DEPRECATED_OBJC_IMPLEMENTATIONS = YES;
				CLANG_WARN_DIRECT_OBJC_ISA_USAGE = YES_ERROR;
				CLANG_WARN_DOCUMENTATION_COMMENTS = YES;
				CLANG_WARN_EMPTY_BODY = YES;
				CLANG_WARN_ENUM_CONVERSION = YES;
				CLANG_WARN_INFINITE_RECURSION = YES;
				CLANG_WARN_INT_CONVERSION = YES;
				CLANG_WARN_NON_LITERAL_NULL_CONVERSION = YES;
				CLANG_WARN_OBJC_IMPLICIT_RETAIN_SELF = YES;
				CLANG_WARN_OBJC_LITERAL_CONVERSION = YES;
				CLANG_WARN_OBJC_ROOT_CLASS = YES_ERROR;
				CLANG_WARN_QUOTED_INCLUDE_IN_FRAMEWORK_HEADER = YES;
				CLANG_WARN_RANGE_LOOP_ANALYSIS = YES;
				CLANG_WARN_STRICT_PROTOTYPES = YES;
				CLANG_WARN_SUSPICIOUS_MOVE = YES;
				CLANG_WARN_UNGUARDED_AVAILABILITY = YES_AGGRESSIVE;
				CLANG_WARN_UNREACHABLE_CODE = YES;
				CLANG_WARN__DUPLICATE_METHOD_MATCH = YES;
				COPY_PHASE_STRIP = NO;
				DEBUG_INFORMATION_FORMAT = "dwarf-with-dsym";
				ENABLE_NS_ASSERTIONS = NO;
				ENABLE_STRICT_OBJC_MSGSEND = YES;
				GCC_C_LANGUAGE_STANDARD = gnu11;
				GCC_NO_COMMON_BLOCKS = YES;
				GCC_WARN_64_TO_32_BIT_CONVERSION = YES;
				GCC_WARN_ABOUT_RETURN_TYPE = YES_ERROR;
				GCC_WARN_UNDECLARED_SELECTOR = YES;
				GCC_WARN_UNINITIALIZED_AUTOS = YES_AGGRESSIVE;
				GCC_WARN_UNUSED_FUNCTION = YES;
				GCC_WARN_UNUSED_VARIABLE = YES;
				IPHONEOS_DEPLOYMENT_TARGET = 16.2;
				MTL_ENABLE_DEBUG_INFO = NO;
				MTL_FAST_MATH = YES;
				SDKROOT = iphoneos;
				SWIFT_COMPILATION_MODE = wholemodule;
				SWIFT_OPTIMIZATION_LEVEL = "-O";
				VALIDATE_PRODUCT = YES;
			};
			name = Release;
		};
		139625AB2ABE2C6700EBCE19 /* Debug */ = {
			isa = XCBuildConfiguration;
			buildSettings = {
				ASSETCATALOG_COMPILER_APPICON_NAME = AppIcon;
				ASSETCATALOG_COMPILER_GLOBAL_ACCENT_COLOR_NAME = AccentColor;
				CODE_SIGN_STYLE = Automatic;
				CURRENT_PROJECT_VERSION = 1;
				GENERATE_INFOPLIST_FILE = YES;
				INFOPLIST_FILE = "Currency Converter/Info.plist";
				INFOPLIST_KEY_UIApplicationSupportsIndirectInputEvents = YES;
				INFOPLIST_KEY_UILaunchStoryboardName = LaunchScreen;
				INFOPLIST_KEY_UISupportedInterfaceOrientations = UIInterfaceOrientationPortrait;
				LD_RUNPATH_SEARCH_PATHS = (
					"$(inherited)",
					"@executable_path/Frameworks",
				);
				MARKETING_VERSION = 1.0;
				PRODUCT_BUNDLE_IDENTIFIER = "misael.com.Currency-Converter";
				PRODUCT_NAME = "$(TARGET_NAME)";
				SWIFT_EMIT_LOC_STRINGS = YES;
				SWIFT_VERSION = 5.0;
				TARGETED_DEVICE_FAMILY = "1,2";
			};
			name = Debug;
		};
		139625AC2ABE2C6700EBCE19 /* Release */ = {
			isa = XCBuildConfiguration;
			buildSettings = {
				ASSETCATALOG_COMPILER_APPICON_NAME = AppIcon;
				ASSETCATALOG_COMPILER_GLOBAL_ACCENT_COLOR_NAME = AccentColor;
				CODE_SIGN_STYLE = Automatic;
				CURRENT_PROJECT_VERSION = 1;
				GENERATE_INFOPLIST_FILE = YES;
				INFOPLIST_FILE = "Currency Converter/Info.plist";
				INFOPLIST_KEY_UIApplicationSupportsIndirectInputEvents = YES;
				INFOPLIST_KEY_UILaunchStoryboardName = LaunchScreen;
				INFOPLIST_KEY_UISupportedInterfaceOrientations = UIInterfaceOrientationPortrait;
				LD_RUNPATH_SEARCH_PATHS = (
					"$(inherited)",
					"@executable_path/Frameworks",
				);
				MARKETING_VERSION = 1.0;
				PRODUCT_BUNDLE_IDENTIFIER = "misael.com.Currency-Converter";
				PRODUCT_NAME = "$(TARGET_NAME)";
				SWIFT_EMIT_LOC_STRINGS = YES;
				SWIFT_VERSION = 5.0;
				TARGETED_DEVICE_FAMILY = "1,2";
			};
			name = Release;
		};
/* End XCBuildConfiguration section */

/* Begin XCConfigurationList section */
		139625912ABE2C6500EBCE19 /* Build configuration list for PBXProject "Currency Converter" */ = {
			isa = XCConfigurationList;
			buildConfigurations = (
				139625A82ABE2C6700EBCE19 /* Debug */,
				139625A92ABE2C6700EBCE19 /* Release */,
			);
			defaultConfigurationIsVisible = 0;
			defaultConfigurationName = Release;
		};
		139625AA2ABE2C6700EBCE19 /* Build configuration list for PBXNativeTarget "Currency Converter" */ = {
			isa = XCConfigurationList;
			buildConfigurations = (
				139625AB2ABE2C6700EBCE19 /* Debug */,
				139625AC2ABE2C6700EBCE19 /* Release */,
			);
			defaultConfigurationIsVisible = 0;
			defaultConfigurationName = Release;
		};
/* End XCConfigurationList section */
	};
	rootObject = 1396258E2ABE2C6500EBCE19 /* Project object */;
}
